%{"httpotion": {:git, "https://github.com/myfreeweb/httpotion.git", "c20be2e821c08e607b9c0247c83e909d178ee6c0", []},
  "ibrowse": {:git, "git://github.com/cmullaparthi/ibrowse.git", "7871e2ebe8811efb64e1917e2de455fa87e8dfe3", [tag: "v4.1.0"]},
  "json": {:git, "git://github.com/cblage/elixir-json.git", "f386b18431bbc0a0b6d38519ec2f256b5a040668", []}}
